// !$*UTF8*$!
{
	archiveVersion = 1;
	classes = {
	};
	objectVersion = 50;
	objects = {

/* Begin PBXBuildFile section */
		9A8173F82438C7B0009D4C50 /* AppDelegate.swift in Sources */ = {isa = PBXBuildFile; fileRef = 9A8173F72438C7B0009D4C50 /* AppDelegate.swift */; };
		9A8173FA2438C7B0009D4C50 /* SceneDelegate.swift in Sources */ = {isa = PBXBuildFile; fileRef = 9A8173F92438C7B0009D4C50 /* SceneDelegate.swift */; };
		9A8173FC2438C7B0009D4C50 /* ContentView.swift in Sources */ = {isa = PBXBuildFile; fileRef = 9A8173FB2438C7B0009D4C50 /* ContentView.swift */; };
		9A8173FE2438C7B1009D4C50 /* Assets.xcassets in Resources */ = {isa = PBXBuildFile; fileRef = 9A8173FD2438C7B1009D4C50 /* Assets.xcassets */; };
		9A8174012438C7B1009D4C50 /* Preview Assets.xcassets in Resources */ = {isa = PBXBuildFile; fileRef = 9A8174002438C7B1009D4C50 /* Preview Assets.xcassets */; };
		9A8174042438C7B1009D4C50 /* LaunchScreen.storyboard in Resources */ = {isa = PBXBuildFile; fileRef = 9A8174022438C7B1009D4C50 /* LaunchScreen.storyboard */; };
/* End PBXBuildFile section */

/* Begin PBXFileReference section */
		9A8173F42438C7B0009D4C50 /* UnityAddTestApp.app */ = {isa = PBXFileReference; explicitFileType = wrapper.application; includeInIndex = 0; path = UnityAddTestApp.app; sourceTree = BUILT_PRODUCTS_DIR; };
		9A8173F72438C7B0009D4C50 /* AppDelegate.swift */ = {isa = PBXFileReference; lastKnownFileType = sourcecode.swift; path = AppDelegate.swift; sourceTree = "<group>"; };
		9A8173F92438C7B0009D4C50 /* SceneDelegate.swift */ = {isa = PBXFileReference; lastKnownFileType = sourcecode.swift; path = SceneDelegate.swift; sourceTree = "<group>"; };
		9A8173FB2438C7B0009D4C50 /* ContentView.swift */ = {isa = PBXFileReference; lastKnownFileType = sourcecode.swift; path = ContentView.swift; sourceTree = "<group>"; };
		9A8173FD2438C7B1009D4C50 /* Assets.xcassets */ = {isa = PBXFileReference; lastKnownFileType = folder.assetcatalog; path = Assets.xcassets; sourceTree = "<group>"; };
		9A8174002438C7B1009D4C50 /* Preview Assets.xcassets */ = {isa = PBXFileReference; lastKnownFileType = folder.assetcatalog; path = "Preview Assets.xcassets"; sourceTree = "<group>"; };
		9A8174032438C7B1009D4C50 /* Base */ = {isa = PBXFileReference; lastKnownFileType = file.storyboard; name = Base; path = Base.lproj/LaunchScreen.storyboard; sourceTree = "<group>"; };
		9A8174052438C7B1009D4C50 /* Info.plist */ = {isa = PBXFileReference; lastKnownFileType = text.plist.xml; path = Info.plist; sourceTree = "<group>"; };
/* End PBXFileReference section */

/* Begin PBXFrameworksBuildPhase section */
		9A8173F12438C7B0009D4C50 /* Frameworks */ = {
			isa = PBXFrameworksBuildPhase;
			buildActionMask = 2147483647;
			files = (
			);
			runOnlyForDeploymentPostprocessing = 0;
		};
/* End PBXFrameworksBuildPhase section */

/* Begin PBXGroup section */
		9A8173EB2438C7B0009D4C50 = {
			isa = PBXGroup;
			children = (
				9A8173F62438C7B0009D4C50 /* UnityAddTestApp */,
				9A8173F52438C7B0009D4C50 /* Products */,
			);
			sourceTree = "<group>";
		};
		9A8173F52438C7B0009D4C50 /* Products */ = {
			isa = PBXGroup;
			children = (
				9A8173F42438C7B0009D4C50 /* UnityAddTestApp.app */,
			);
			name = Products;
			sourceTree = "<group>";
		};
		9A8173F62438C7B0009D4C50 /* UnityAddTestApp */ = {
			isa = PBXGroup;
			children = (
				9A8173F72438C7B0009D4C50 /* AppDelegate.swift */,
				9A8173F92438C7B0009D4C50 /* SceneDelegate.swift */,
				9A8173FB2438C7B0009D4C50 /* ContentView.swift */,
				9A8173FD2438C7B1009D4C50 /* Assets.xcassets */,
				9A8174022438C7B1009D4C50 /* LaunchScreen.storyboard */,
				9A8174052438C7B1009D4C50 /* Info.plist */,
				9A8173FF2438C7B1009D4C50 /* Preview Content */,
			);
			path = UnityAddTestApp;
			sourceTree = "<group>";
		};
		9A8173FF2438C7B1009D4C50 /* Preview Content */ = {
			isa = PBXGroup;
			children = (
				9A8174002438C7B1009D4C50 /* Preview Assets.xcassets */,
			);
			path = "Preview Content";
			sourceTree = "<group>";
		};
/* End PBXGroup section */

/* Begin PBXNativeTarget section */
		9A8173F32438C7B0009D4C50 /* UnityAddTestApp */ = {
			isa = PBXNativeTarget;
			buildConfigurationList = 9A8174082438C7B1009D4C50 /* Build configuration list for PBXNativeTarget "UnityAddTestApp" */;
			buildPhases = (
				9A8173F02438C7B0009D4C50 /* Sources */,
				9A8173F12438C7B0009D4C50 /* Frameworks */,
				9A8173F22438C7B0009D4C50 /* Resources */,
			);
			buildRules = (
			);
			dependencies = (
			);
			name = UnityAddTestApp;
			productName = UnityAddTestApp;
			productReference = 9A8173F42438C7B0009D4C50 /* UnityAddTestApp.app */;
			productType = "com.apple.product-type.application";
		};
/* End PBXNativeTarget section */

/* Begin PBXProject section */
		9A8173EC2438C7B0009D4C50 /* Project object */ = {
			isa = PBXProject;
			attributes = {
				LastSwiftUpdateCheck = 1140;
				LastUpgradeCheck = 1140;
				ORGANIZATIONNAME = "Julian Beck";
				TargetAttributes = {
					9A8173F32438C7B0009D4C50 = {
						CreatedOnToolsVersion = 11.4;
					};
				};
			};
			buildConfigurationList = 9A8173EF2438C7B0009D4C50 /* Build configuration list for PBXProject "UnityAddTestApp" */;
			compatibilityVersion = "Xcode 9.3";
			developmentRegion = en;
			hasScannedForEncodings = 0;
			knownRegions = (
				en,
				Base,
			);
			mainGroup = 9A8173EB2438C7B0009D4C50;
			productRefGroup = 9A8173F52438C7B0009D4C50 /* Products */;
			projectDirPath = "";
			projectRoot = "";
			targets = (
				9A8173F32438C7B0009D4C50 /* UnityAddTestApp */,
			);
		};
/* End PBXProject section */

/* Begin PBXResourcesBuildPhase section */
		9A8173F22438C7B0009D4C50 /* Resources */ = {
			isa = PBXResourcesBuildPhase;
			buildActionMask = 2147483647;
			files = (
				9A8174042438C7B1009D4C50 /* LaunchScreen.storyboard in Resources */,
				9A8174012438C7B1009D4C50 /* Preview Assets.xcassets in Resources */,
				9A8173FE2438C7B1009D4C50 /* Assets.xcassets in Resources */,
			);
			runOnlyForDeploymentPostprocessing = 0;
		};
/* End PBXResourcesBuildPhase section */

/* Begin PBXSourcesBuildPhase section */
		9A8173F02438C7B0009D4C50 /* Sources */ = {
			isa = PBXSourcesBuildPhase;
			buildActionMask = 2147483647;
			files = (
				9A8173F82438C7B0009D4C50 /* AppDelegate.swift in Sources */,
				9A8173FA2438C7B0009D4C50 /* SceneDelegate.swift in Sources */,
				9A8173FC2438C7B0009D4C50 /* ContentView.swift in Sources */,
			);
			runOnlyForDeploymentPostprocessing = 0;
		};
/* End PBXSourcesBuildPhase section */

/* Begin PBXVariantGroup section */
		9A8174022438C7B1009D4C50 /* LaunchScreen.storyboard */ = {
			isa = PBXVariantGroup;
			children = (
				9A8174032438C7B1009D4C50 /* Base */,
			);
			name = LaunchScreen.storyboard;
			sourceTree = "<group>";
		};
/* End PBXVariantGroup section */

/* Begin XCBuildConfiguration section */
		9A8174062438C7B1009D4C50 /* Debug */ = {
			isa = XCBuildConfiguration;
			buildSettings = {
				ALWAYS_SEARCH_USER_PATHS = NO;
				CLANG_ANALYZER_NONNULL = YES;
				CLANG_ANALYZER_NUMBER_OBJECT_CONVERSION = YES_AGGRESSIVE;
				CLANG_CXX_LANGUAGE_STANDARD = "gnu++14";
				CLANG_CXX_LIBRARY = "libc++";
				CLANG_ENABLE_MODULES = YES;
				CLANG_ENABLE_OBJC_ARC = YES;
				CLANG_ENABLE_OBJC_WEAK = YES;
				CLANG_WARN_BLOCK_CAPTURE_AUTORELEASING = YES;
				CLANG_WARN_BOOL_CONVERSION = YES;
				CLANG_WARN_COMMA = YES;
				CLANG_WARN_CONSTANT_CONVERSION = YES;
				CLANG_WARN_DEPRECATED_OBJC_IMPLEMENTATIONS = YES;
				CLANG_WARN_DIRECT_OBJC_ISA_USAGE = YES_ERROR;
				CLANG_WARN_DOCUMENTATION_COMMENTS = YES;
				CLANG_WARN_EMPTY_BODY = YES;
				CLANG_WARN_ENUM_CONVERSION = YES;
				CLANG_WARN_INFINITE_RECURSION = YES;
				CLANG_WARN_INT_CONVERSION = YES;
				CLANG_WARN_NON_LITERAL_NULL_CONVERSION = YES;
				CLANG_WARN_OBJC_IMPLICIT_RETAIN_SELF = YES;
				CLANG_WARN_OBJC_LITERAL_CONVERSION = YES;
				CLANG_WARN_OBJC_ROOT_CLASS = YES_ERROR;
				CLANG_WARN_RANGE_LOOP_ANALYSIS = YES;
				CLANG_WARN_STRICT_PROTOTYPES = YES;
				CLANG_WARN_SUSPICIOUS_MOVE = YES;
				CLANG_WARN_UNGUARDED_AVAILABILITY = YES_AGGRESSIVE;
				CLANG_WARN_UNREACHABLE_CODE = YES;
				CLANG_WARN__DUPLICATE_METHOD_MATCH = YES;
				COPY_PHASE_STRIP = NO;
				DEBUG_INFORMATION_FORMAT = dwarf;
				ENABLE_STRICT_OBJC_MSGSEND = YES;
				ENABLE_TESTABILITY = YES;
				GCC_C_LANGUAGE_STANDARD = gnu11;
				GCC_DYNAMIC_NO_PIC = NO;
				GCC_NO_COMMON_BLOCKS = YES;
				GCC_OPTIMIZATION_LEVEL = 0;
				GCC_PREPROCESSOR_DEFINITIONS = (
					"DEBUG=1",
					"$(inherited)",
				);
				GCC_WARN_64_TO_32_BIT_CONVERSION = YES;
				GCC_WARN_ABOUT_RETURN_TYPE = YES_ERROR;
				GCC_WARN_UNDECLARED_SELECTOR = YES;
				GCC_WARN_UNINITIALIZED_AUTOS = YES_AGGRESSIVE;
				GCC_WARN_UNUSED_FUNCTION = YES;
				GCC_WARN_UNUSED_VARIABLE = YES;
				IPHONEOS_DEPLOYMENT_TARGET = 13.4;
				MTL_ENABLE_DEBUG_INFO = INCLUDE_SOURCE;
				MTL_FAST_MATH = YES;
				ONLY_ACTIVE_ARCH = YES;
				SDKROOT = iphoneos;
				SWIFT_ACTIVE_COMPILATION_CONDITIONS = DEBUG;
				SWIFT_OPTIMIZATION_LEVEL = "-Onone";
			};
			name = Debug;
		};
		9A8174072438C7B1009D4C50 /* Release */ = {
			isa = XCBuildConfiguration;
			buildSettings = {
				ALWAYS_SEARCH_USER_PATHS = NO;
				CLANG_ANALYZER_NONNULL = YES;
				CLANG_ANALYZER_NUMBER_OBJECT_CONVERSION = YES_AGGRESSIVE;
				CLANG_CXX_LANGUAGE_STANDARD = "gnu++14";
				CLANG_CXX_LIBRARY = "libc++";
				CLANG_ENABLE_MODULES = YES;
				CLANG_ENABLE_OBJC_ARC = YES;
				CLANG_ENABLE_OBJC_WEAK = YES;
				CLANG_WARN_BLOCK_CAPTURE_AUTORELEASING = YES;
				CLANG_WARN_BOOL_CONVERSION = YES;
				CLANG_WARN_COMMA = YES;
				CLANG_WARN_CONSTANT_CONVERSION = YES;
				CLANG_WARN_DEPRECATED_OBJC_IMPLEMENTATIONS = YES;
				CLANG_WARN_DIRECT_OBJC_ISA_USAGE = YES_ERROR;
				CLANG_WARN_DOCUMENTATION_COMMENTS = YES;
				CLANG_WARN_EMPTY_BODY = YES;
				CLANG_WARN_ENUM_CONVERSION = YES;
				CLANG_WARN_INFINITE_RECURSION = YES;
				CLANG_WARN_INT_CONVERSION = YES;
				CLANG_WARN_NON_LITERAL_NULL_CONVERSION = YES;
				CLANG_WARN_OBJC_IMPLICIT_RETAIN_SELF = YES;
				CLANG_WARN_OBJC_LITERAL_CONVERSION = YES;
				CLANG_WARN_OBJC_ROOT_CLASS = YES_ERROR;
				CLANG_WARN_RANGE_LOOP_ANALYSIS = YES;
				CLANG_WARN_STRICT_PROTOTYPES = YES;
				CLANG_WARN_SUSPICIOUS_MOVE = YES;
				CLANG_WARN_UNGUARDED_AVAILABILITY = YES_AGGRESSIVE;
				CLANG_WARN_UNREACHABLE_CODE = YES;
				CLANG_WARN__DUPLICATE_METHOD_MATCH = YES;
				COPY_PHASE_STRIP = NO;
				DEBUG_INFORMATION_FORMAT = "dwarf-with-dsym";
				ENABLE_NS_ASSERTIONS = NO;
				ENABLE_STRICT_OBJC_MSGSEND = YES;
				GCC_C_LANGUAGE_STANDARD = gnu11;
				GCC_NO_COMMON_BLOCKS = YES;
				GCC_WARN_64_TO_32_BIT_CONVERSION = YES;
				GCC_WARN_ABOUT_RETURN_TYPE = YES_ERROR;
				GCC_WARN_UNDECLARED_SELECTOR = YES;
				GCC_WARN_UNINITIALIZED_AUTOS = YES_AGGRESSIVE;
				GCC_WARN_UNUSED_FUNCTION = YES;
				GCC_WARN_UNUSED_VARIABLE = YES;
				IPHONEOS_DEPLOYMENT_TARGET = 13.4;
				MTL_ENABLE_DEBUG_INFO = NO;
				MTL_FAST_MATH = YES;
				SDKROOT = iphoneos;
				SWIFT_COMPILATION_MODE = wholemodule;
				SWIFT_OPTIMIZATION_LEVEL = "-O";
				VALIDATE_PRODUCT = YES;
			};
			name = Release;
		};
		9A8174092438C7B1009D4C50 /* Debug */ = {
			isa = XCBuildConfiguration;
			buildSettings = {
				ASSETCATALOG_COMPILER_APPICON_NAME = AppIcon;
				CODE_SIGN_STYLE = Automatic;
				DEVELOPMENT_ASSET_PATHS = "\"UnityAddTestApp/Preview Content\"";
				DEVELOPMENT_TEAM = VB9VC9U9AV;
				ENABLE_PREVIEWS = YES;
				INFOPLIST_FILE = UnityAddTestApp/Info.plist;
				LD_RUNPATH_SEARCH_PATHS = (
					"$(inherited)",
					"@executable_path/Frameworks",
				);
				PRODUCT_BUNDLE_IDENTIFIER = com.julianbeck.UnityAddTestApp;
				PRODUCT_NAME = "$(TARGET_NAME)";
				SWIFT_VERSION = 5.0;
				TARGETED_DEVICE_FAMILY = "1,2";
			};
			name = Debug;
		};
		9A81740A2438C7B1009D4C50 /* Release */ = {
			isa = XCBuildConfiguration;
			buildSettings = {
				ASSETCATALOG_COMPILER_APPICON_NAME = AppIcon;
				CODE_SIGN_STYLE = Automatic;
				DEVELOPMENT_ASSET_PATHS = "\"UnityAddTestApp/Preview Content\"";
				DEVELOPMENT_TEAM = VB9VC9U9AV;
				ENABLE_PREVIEWS = YES;
				INFOPLIST_FILE = UnityAddTestApp/Info.plist;
				LD_RUNPATH_SEARCH_PATHS = (
					"$(inherited)",
					"@executable_path/Frameworks",
				);
				PRODUCT_BUNDLE_IDENTIFIER = com.julianbeck.UnityAddTestApp;
				PRODUCT_NAME = "$(TARGET_NAME)";
				SWIFT_VERSION = 5.0;
				TARGETED_DEVICE_FAMILY = "1,2";
			};
			name = Release;
		};
/* End XCBuildConfiguration section */

/* Begin XCConfigurationList section */
		9A8173EF2438C7B0009D4C50 /* Build configuration list for PBXProject "UnityAddTestApp" */ = {
			isa = XCConfigurationList;
			buildConfigurations = (
				9A8174062438C7B1009D4C50 /* Debug */,
				9A8174072438C7B1009D4C50 /* Release */,
			);
			defaultConfigurationIsVisible = 0;
			defaultConfigurationName = Release;
		};
		9A8174082438C7B1009D4C50 /* Build configuration list for PBXNativeTarget "UnityAddTestApp" */ = {
			isa = XCConfigurationList;
			buildConfigurations = (
				9A8174092438C7B1009D4C50 /* Debug */,
				9A81740A2438C7B1009D4C50 /* Release */,
			);
			defaultConfigurationIsVisible = 0;
			defaultConfigurationName = Release;
		};
/* End XCConfigurationList section */
	};
	rootObject = 9A8173EC2438C7B0009D4C50 /* Project object */;
}
